<?xml version="1.0" encoding="utf-8"?>
<Project ToolsVersion="4.0" xmlns="http://schemas.microsoft.com/developer/msbuild/2003">
  <ItemGroup>
    <Filter Include="00.System">
      <UniqueIdentifier>{b2d479a3-55d6-47ab-adab-d90b4a5e750c}</UniqueIdentifier>
    </Filter>
    <Filter Include="01.Utiltiy">
      <UniqueIdentifier>{a3529259-ffc5-412e-9d9a-1e872134cec1}</UniqueIdentifier>
    </Filter>
    <Filter Include="01.Utiltiy\99.Super">
      <UniqueIdentifier>{27ae1524-ddaa-40e8-a2b1-7074a841dcc7}</UniqueIdentifier>
    </Filter>
    <Filter Include="99.Defines">
      <UniqueIdentifier>{cd0b9cfb-78f2-4c46-84e0-e82bbe5dae30}</UniqueIdentifier>
    </Filter>
    <Filter Include="00.System\00.Timer">
      <UniqueIdentifier>{cbd524ed-ae40-470c-b6d8-00f9f1af5ac8}</UniqueIdentifier>
    </Filter>
    <Filter Include="00.System\01.Device">
      <UniqueIdentifier>{1e2af600-6e9e-45e6-b2d3-0760ec2d75b8}</UniqueIdentifier>
    </Filter>
    <Filter Include="00.System\01.Device\Graphic">
      <UniqueIdentifier>{2c4888b0-db31-45ba-aa7a-78d5f0a2132d}</UniqueIdentifier>
    </Filter>
    <Filter Include="00.System\01.Device\Input">
      <UniqueIdentifier>{75b2ff63-23ce-4fa2-8ece-495b3ab3039f}</UniqueIdentifier>
    </Filter>
    <Filter Include="00.System\01.Device\Sound">
      <UniqueIdentifier>{17de0ee4-1c0e-4c51-976d-f48e8f089447}</UniqueIdentifier>
    </Filter>
    <Filter Include="00.System\00.Timer\Manager">
      <UniqueIdentifier>{a30b1084-b34e-419d-bb1d-1f1f5c8d3fd7}</UniqueIdentifier>
    </Filter>
  </ItemGroup>
  <ItemGroup>
    <ClInclude Include="..\public\Base.h">
      <Filter>01.Utiltiy\99.Super</Filter>
    </ClInclude>
    <ClInclude Include="..\Public\Engine_Defines.h">
      <Filter>99.Defines</Filter>
    </ClInclude>
    <ClInclude Include="..\Public\Engine_Macro.h">
      <Filter>99.Defines</Filter>
    </ClInclude>
    <ClInclude Include="..\Public\Engine_Struct.h">
      <Filter>99.Defines</Filter>
    </ClInclude>
    <ClInclude Include="..\Public\Engine_Typedef.h">
      <Filter>99.Defines</Filter>
    </ClInclude>
    <ClInclude Include="..\Public\Engine_Function.h">
      <Filter>99.Defines</Filter>
    </ClInclude>
    <ClInclude Include="..\Public\Timer.h">
      <Filter>00.System\00.Timer</Filter>
    </ClInclude>
    <ClInclude Include="..\Public\Timer_Manager.h">
      <Filter>00.System\00.Timer\Manager</Filter>
    </ClInclude>
  </ItemGroup>
  <ItemGroup>
    <ClCompile Include="..\private\Base.cpp">
      <Filter>01.Utiltiy\99.Super</Filter>
    </ClCompile>
    <ClCompile Include="..\Private\Timer.cpp">
      <Filter>00.System\00.Timer</Filter>
    </ClCompile>
    <ClCompile Include="..\Private\Timer_Manager.cpp">
      <Filter>00.System\00.Timer\Manager</Filter>
    </ClCompile>
  </ItemGroup>
</Project>